
Microsoft Visual Studio Solution File, Format Version 12.00
Project("{FAE04EC0-301F-11D3-BF4B-00C04F79EFBC}") = "CakeStoreAPI", "CakeStoreAPI\CakeStoreAPI.csproj", "{1C68E2BB-F553-4A48-85D5-66CB6DAAE66C}"
EndProject
Project("{FAE04EC0-301F-11D3-BF4B-00C04F79EFBC}") = "WebAPIBasics", "WebAPIBasics\WebAPIBasics.csproj", "{CC8CA681-01FF-4B56-860A-65A5B46BB5A9}"
EndProject
Global
	GlobalSection(SolutionConfigurationPlatforms) = preSolution
		Debug|Any CPU = Debug|Any CPU
		Release|Any CPU = Release|Any CPU
	EndGlobalSection
	GlobalSection(ProjectConfigurationPlatforms) = postSolution
		{1C68E2BB-F553-4A48-85D5-66CB6DAAE66C}.Debug|Any CPU.ActiveCfg = Debug|Any CPU
		{1C68E2BB-F553-4A48-85D5-66CB6DAAE66C}.Debug|Any CPU.Build.0 = Debug|Any CPU
		{1C68E2BB-F553-4A48-85D5-66CB6DAAE66C}.Release|Any CPU.ActiveCfg = Release|Any CPU
		{1C68E2BB-F553-4A48-85D5-66CB6DAAE66C}.Release|Any CPU.Build.0 = Release|Any CPU
		{CC8CA681-01FF-4B56-860A-65A5B46BB5A9}.Debug|Any CPU.ActiveCfg = Debug|Any CPU
		{CC8CA681-01FF-4B56-860A-65A5B46BB5A9}.Debug|Any CPU.Build.0 = Debug|Any CPU
		{CC8CA681-01FF-4B56-860A-65A5B46BB5A9}.Release|Any CPU.ActiveCfg = Release|Any CPU
		{CC8CA681-01FF-4B56-860A-65A5B46BB5A9}.Release|Any CPU.Build.0 = Release|Any CPU
	EndGlobalSection
EndGlobal
