
Microsoft Visual Studio Solution File, Format Version 12.00
Project("{FAE04EC0-301F-11D3-BF4B-00C04F79EFBC}") = "CakeStoreAPI", "CakeStoreAPI\CakeStoreAPI.csproj", "{1C68E2BB-F553-4A48-85D5-66CB6DAAE66C}"
EndProject
Project("{FAE04EC0-301F-11D3-BF4B-00C04F79EFBC}") = "WebAPIBasics", "WebAPIBasics\WebAPIBasics.csproj", "{CC8CA681-01FF-4B56-860A-65A5B46BB5A9}"
EndProject
Project("{2150E333-8FDC-42A3-9474-1A3956D46DE8}") = "TestingDemo", "TestingDemo", "{B856F3BB-3E19-4DCA-A22C-8C92E14713BD}"
EndProject
Project("{FAE04EC0-301F-11D3-BF4B-00C04F79EFBC}") = "Banking", "Banking\Banking.csproj", "{91465091-A7A6-4D8D-B508-ABF0039FE4CC}"
EndProject
Project("{FAE04EC0-301F-11D3-BF4B-00C04F79EFBC}") = "BankingTest", "BankingTest\BankingTest.csproj", "{C776AEF4-ED5E-440A-818B-1C035DB2C7E0}"
EndProject
Project("{2150E333-8FDC-42A3-9474-1A3956D46DE8}") = "ASPCoreTestingDemo", "ASPCoreTestingDemo", "{3D0D30E6-D64B-4458-9BC8-DA0115D5CAB9}"
EndProject
Project("{FAE04EC0-301F-11D3-BF4B-00C04F79EFBC}") = "Members.MVC", "Members.MVC\Members.MVC.csproj", "{14CD4B86-A721-47C1-A5C1-7B2987FBEF9F}"
EndProject
Project("{FAE04EC0-301F-11D3-BF4B-00C04F79EFBC}") = "Members.Tests", "Members.Tests\Members.Tests.csproj", "{F4FE79E8-8A13-44B6-BE10-7D7225312DCC}"
EndProject
Project("{FAE04EC0-301F-11D3-BF4B-00C04F79EFBC}") = "Members.Data", "Members.Data\Members.Data.csproj", "{EBBC194A-B870-4899-AEB3-857423F2161A}"
EndProject
Project("{FAE04EC0-301F-11D3-BF4B-00C04F79EFBC}") = "BA_A3_xUnitTests", "BA_A3_xUnitTests\BA_A3_xUnitTests.csproj", "{DCBC84F9-9064-43C9-9FA6-3E9BE9564288}"
EndProject
Project("{FAE04EC0-301F-11D3-BF4B-00C04F79EFBC}") = "BA_A3_xUnitTests_b", "BA_A3_xUnitTests_b\BA_A3_xUnitTests_b.csproj", "{E3E882F2-9AEF-4155-9CEC-BA17F5D9CA15}"
EndProject
Global
	GlobalSection(SolutionConfigurationPlatforms) = preSolution
		Debug|Any CPU = Debug|Any CPU
		Release|Any CPU = Release|Any CPU
	EndGlobalSection
	GlobalSection(ProjectConfigurationPlatforms) = postSolution
		{1C68E2BB-F553-4A48-85D5-66CB6DAAE66C}.Debug|Any CPU.ActiveCfg = Debug|Any CPU
		{1C68E2BB-F553-4A48-85D5-66CB6DAAE66C}.Debug|Any CPU.Build.0 = Debug|Any CPU
		{1C68E2BB-F553-4A48-85D5-66CB6DAAE66C}.Release|Any CPU.ActiveCfg = Release|Any CPU
		{1C68E2BB-F553-4A48-85D5-66CB6DAAE66C}.Release|Any CPU.Build.0 = Release|Any CPU
		{CC8CA681-01FF-4B56-860A-65A5B46BB5A9}.Debug|Any CPU.ActiveCfg = Debug|Any CPU
		{CC8CA681-01FF-4B56-860A-65A5B46BB5A9}.Debug|Any CPU.Build.0 = Debug|Any CPU
		{CC8CA681-01FF-4B56-860A-65A5B46BB5A9}.Release|Any CPU.ActiveCfg = Release|Any CPU
		{CC8CA681-01FF-4B56-860A-65A5B46BB5A9}.Release|Any CPU.Build.0 = Release|Any CPU
		{91465091-A7A6-4D8D-B508-ABF0039FE4CC}.Debug|Any CPU.ActiveCfg = Debug|Any CPU
		{91465091-A7A6-4D8D-B508-ABF0039FE4CC}.Debug|Any CPU.Build.0 = Debug|Any CPU
		{91465091-A7A6-4D8D-B508-ABF0039FE4CC}.Release|Any CPU.ActiveCfg = Release|Any CPU
		{91465091-A7A6-4D8D-B508-ABF0039FE4CC}.Release|Any CPU.Build.0 = Release|Any CPU
		{C776AEF4-ED5E-440A-818B-1C035DB2C7E0}.Debug|Any CPU.ActiveCfg = Debug|Any CPU
		{C776AEF4-ED5E-440A-818B-1C035DB2C7E0}.Debug|Any CPU.Build.0 = Debug|Any CPU
		{C776AEF4-ED5E-440A-818B-1C035DB2C7E0}.Release|Any CPU.ActiveCfg = Release|Any CPU
		{C776AEF4-ED5E-440A-818B-1C035DB2C7E0}.Release|Any CPU.Build.0 = Release|Any CPU
		{14CD4B86-A721-47C1-A5C1-7B2987FBEF9F}.Debug|Any CPU.ActiveCfg = Debug|Any CPU
		{14CD4B86-A721-47C1-A5C1-7B2987FBEF9F}.Debug|Any CPU.Build.0 = Debug|Any CPU
		{14CD4B86-A721-47C1-A5C1-7B2987FBEF9F}.Release|Any CPU.ActiveCfg = Release|Any CPU
		{14CD4B86-A721-47C1-A5C1-7B2987FBEF9F}.Release|Any CPU.Build.0 = Release|Any CPU
		{F4FE79E8-8A13-44B6-BE10-7D7225312DCC}.Debug|Any CPU.ActiveCfg = Debug|Any CPU
		{F4FE79E8-8A13-44B6-BE10-7D7225312DCC}.Debug|Any CPU.Build.0 = Debug|Any CPU
		{F4FE79E8-8A13-44B6-BE10-7D7225312DCC}.Release|Any CPU.ActiveCfg = Release|Any CPU
		{F4FE79E8-8A13-44B6-BE10-7D7225312DCC}.Release|Any CPU.Build.0 = Release|Any CPU
		{EBBC194A-B870-4899-AEB3-857423F2161A}.Debug|Any CPU.ActiveCfg = Debug|Any CPU
		{EBBC194A-B870-4899-AEB3-857423F2161A}.Debug|Any CPU.Build.0 = Debug|Any CPU
		{EBBC194A-B870-4899-AEB3-857423F2161A}.Release|Any CPU.ActiveCfg = Release|Any CPU
		{EBBC194A-B870-4899-AEB3-857423F2161A}.Release|Any CPU.Build.0 = Release|Any CPU
		{DCBC84F9-9064-43C9-9FA6-3E9BE9564288}.Debug|Any CPU.ActiveCfg = Debug|Any CPU
		{DCBC84F9-9064-43C9-9FA6-3E9BE9564288}.Debug|Any CPU.Build.0 = Debug|Any CPU
		{DCBC84F9-9064-43C9-9FA6-3E9BE9564288}.Release|Any CPU.ActiveCfg = Release|Any CPU
		{DCBC84F9-9064-43C9-9FA6-3E9BE9564288}.Release|Any CPU.Build.0 = Release|Any CPU
		{E3E882F2-9AEF-4155-9CEC-BA17F5D9CA15}.Debug|Any CPU.ActiveCfg = Debug|Any CPU
		{E3E882F2-9AEF-4155-9CEC-BA17F5D9CA15}.Debug|Any CPU.Build.0 = Debug|Any CPU
		{E3E882F2-9AEF-4155-9CEC-BA17F5D9CA15}.Release|Any CPU.ActiveCfg = Release|Any CPU
		{E3E882F2-9AEF-4155-9CEC-BA17F5D9CA15}.Release|Any CPU.Build.0 = Release|Any CPU
	EndGlobalSection
	GlobalSection(NestedProjects) = preSolution
		{91465091-A7A6-4D8D-B508-ABF0039FE4CC} = {B856F3BB-3E19-4DCA-A22C-8C92E14713BD}
		{C776AEF4-ED5E-440A-818B-1C035DB2C7E0} = {B856F3BB-3E19-4DCA-A22C-8C92E14713BD}
		{14CD4B86-A721-47C1-A5C1-7B2987FBEF9F} = {3D0D30E6-D64B-4458-9BC8-DA0115D5CAB9}
		{F4FE79E8-8A13-44B6-BE10-7D7225312DCC} = {3D0D30E6-D64B-4458-9BC8-DA0115D5CAB9}
		{EBBC194A-B870-4899-AEB3-857423F2161A} = {3D0D30E6-D64B-4458-9BC8-DA0115D5CAB9}
		{DCBC84F9-9064-43C9-9FA6-3E9BE9564288} = {B856F3BB-3E19-4DCA-A22C-8C92E14713BD}
		{E3E882F2-9AEF-4155-9CEC-BA17F5D9CA15} = {3D0D30E6-D64B-4458-9BC8-DA0115D5CAB9}
	EndGlobalSection
EndGlobal
