
Microsoft Visual Studio Solution File, Format Version 12.00
# Visual Studio 15
VisualStudioVersion = 15.0.26124.0
MinimumVisualStudioVersion = 15.0.26124.0
Project("{FAE04EC0-301F-11D3-BF4B-00C04F79EFBC}") = "ProductInfoApp.Domain", "ProductInfoApp.Domain\ProductInfoApp.Domain.csproj", "{3F389C26-7D14-4A14-83DC-8435FAA60EB9}"
EndProject
Project("{FAE04EC0-301F-11D3-BF4B-00C04F79EFBC}") = "ProductInfoApp.Data", "ProductInfoApp.Data\ProductInfoApp.Data.csproj", "{E90BF7C9-FF92-4F4D-AEBB-B5888AE8B2C2}"
EndProject
Project("{FAE04EC0-301F-11D3-BF4B-00C04F79EFBC}") = "ProductInfoApp.Test", "ProductInfoApp.Test\ProductInfoApp.Test.csproj", "{A5AE3C28-B4B8-42D6-8268-4C60D876549A}"
EndProject
Project("{FAE04EC0-301F-11D3-BF4B-00C04F79EFBC}") = "ProductInfoApp.Frontend", "ProductInfoApp.Frontend\ProductInfoApp.Frontend.csproj", "{65BC0F1F-FF33-41CC-9085-AFEF50AC1799}"
EndProject
Global
	GlobalSection(SolutionConfigurationPlatforms) = preSolution
		Debug|Any CPU = Debug|Any CPU
		Debug|x64 = Debug|x64
		Debug|x86 = Debug|x86
		Release|Any CPU = Release|Any CPU
		Release|x64 = Release|x64
		Release|x86 = Release|x86
	EndGlobalSection
	GlobalSection(SolutionProperties) = preSolution
		HideSolutionNode = FALSE
	EndGlobalSection
	GlobalSection(ProjectConfigurationPlatforms) = postSolution
		{3F389C26-7D14-4A14-83DC-8435FAA60EB9}.Debug|Any CPU.ActiveCfg = Debug|Any CPU
		{3F389C26-7D14-4A14-83DC-8435FAA60EB9}.Debug|Any CPU.Build.0 = Debug|Any CPU
		{3F389C26-7D14-4A14-83DC-8435FAA60EB9}.Debug|x64.ActiveCfg = Debug|Any CPU
		{3F389C26-7D14-4A14-83DC-8435FAA60EB9}.Debug|x64.Build.0 = Debug|Any CPU
		{3F389C26-7D14-4A14-83DC-8435FAA60EB9}.Debug|x86.ActiveCfg = Debug|Any CPU
		{3F389C26-7D14-4A14-83DC-8435FAA60EB9}.Debug|x86.Build.0 = Debug|Any CPU
		{3F389C26-7D14-4A14-83DC-8435FAA60EB9}.Release|Any CPU.ActiveCfg = Release|Any CPU
		{3F389C26-7D14-4A14-83DC-8435FAA60EB9}.Release|Any CPU.Build.0 = Release|Any CPU
		{3F389C26-7D14-4A14-83DC-8435FAA60EB9}.Release|x64.ActiveCfg = Release|Any CPU
		{3F389C26-7D14-4A14-83DC-8435FAA60EB9}.Release|x64.Build.0 = Release|Any CPU
		{3F389C26-7D14-4A14-83DC-8435FAA60EB9}.Release|x86.ActiveCfg = Release|Any CPU
		{3F389C26-7D14-4A14-83DC-8435FAA60EB9}.Release|x86.Build.0 = Release|Any CPU
		{E90BF7C9-FF92-4F4D-AEBB-B5888AE8B2C2}.Debug|Any CPU.ActiveCfg = Debug|Any CPU
		{E90BF7C9-FF92-4F4D-AEBB-B5888AE8B2C2}.Debug|Any CPU.Build.0 = Debug|Any CPU
		{E90BF7C9-FF92-4F4D-AEBB-B5888AE8B2C2}.Debug|x64.ActiveCfg = Debug|Any CPU
		{E90BF7C9-FF92-4F4D-AEBB-B5888AE8B2C2}.Debug|x64.Build.0 = Debug|Any CPU
		{E90BF7C9-FF92-4F4D-AEBB-B5888AE8B2C2}.Debug|x86.ActiveCfg = Debug|Any CPU
		{E90BF7C9-FF92-4F4D-AEBB-B5888AE8B2C2}.Debug|x86.Build.0 = Debug|Any CPU
		{E90BF7C9-FF92-4F4D-AEBB-B5888AE8B2C2}.Release|Any CPU.ActiveCfg = Release|Any CPU
		{E90BF7C9-FF92-4F4D-AEBB-B5888AE8B2C2}.Release|Any CPU.Build.0 = Release|Any CPU
		{E90BF7C9-FF92-4F4D-AEBB-B5888AE8B2C2}.Release|x64.ActiveCfg = Release|Any CPU
		{E90BF7C9-FF92-4F4D-AEBB-B5888AE8B2C2}.Release|x64.Build.0 = Release|Any CPU
		{E90BF7C9-FF92-4F4D-AEBB-B5888AE8B2C2}.Release|x86.ActiveCfg = Release|Any CPU
		{E90BF7C9-FF92-4F4D-AEBB-B5888AE8B2C2}.Release|x86.Build.0 = Release|Any CPU
		{A5AE3C28-B4B8-42D6-8268-4C60D876549A}.Debug|Any CPU.ActiveCfg = Debug|Any CPU
		{A5AE3C28-B4B8-42D6-8268-4C60D876549A}.Debug|Any CPU.Build.0 = Debug|Any CPU
		{A5AE3C28-B4B8-42D6-8268-4C60D876549A}.Debug|x64.ActiveCfg = Debug|Any CPU
		{A5AE3C28-B4B8-42D6-8268-4C60D876549A}.Debug|x64.Build.0 = Debug|Any CPU
		{A5AE3C28-B4B8-42D6-8268-4C60D876549A}.Debug|x86.ActiveCfg = Debug|Any CPU
		{A5AE3C28-B4B8-42D6-8268-4C60D876549A}.Debug|x86.Build.0 = Debug|Any CPU
		{A5AE3C28-B4B8-42D6-8268-4C60D876549A}.Release|Any CPU.ActiveCfg = Release|Any CPU
		{A5AE3C28-B4B8-42D6-8268-4C60D876549A}.Release|Any CPU.Build.0 = Release|Any CPU
		{A5AE3C28-B4B8-42D6-8268-4C60D876549A}.Release|x64.ActiveCfg = Release|Any CPU
		{A5AE3C28-B4B8-42D6-8268-4C60D876549A}.Release|x64.Build.0 = Release|Any CPU
		{A5AE3C28-B4B8-42D6-8268-4C60D876549A}.Release|x86.ActiveCfg = Release|Any CPU
		{A5AE3C28-B4B8-42D6-8268-4C60D876549A}.Release|x86.Build.0 = Release|Any CPU
		{65BC0F1F-FF33-41CC-9085-AFEF50AC1799}.Debug|Any CPU.ActiveCfg = Debug|Any CPU
		{65BC0F1F-FF33-41CC-9085-AFEF50AC1799}.Debug|Any CPU.Build.0 = Debug|Any CPU
		{65BC0F1F-FF33-41CC-9085-AFEF50AC1799}.Debug|x64.ActiveCfg = Debug|Any CPU
		{65BC0F1F-FF33-41CC-9085-AFEF50AC1799}.Debug|x64.Build.0 = Debug|Any CPU
		{65BC0F1F-FF33-41CC-9085-AFEF50AC1799}.Debug|x86.ActiveCfg = Debug|Any CPU
		{65BC0F1F-FF33-41CC-9085-AFEF50AC1799}.Debug|x86.Build.0 = Debug|Any CPU
		{65BC0F1F-FF33-41CC-9085-AFEF50AC1799}.Release|Any CPU.ActiveCfg = Release|Any CPU
		{65BC0F1F-FF33-41CC-9085-AFEF50AC1799}.Release|Any CPU.Build.0 = Release|Any CPU
		{65BC0F1F-FF33-41CC-9085-AFEF50AC1799}.Release|x64.ActiveCfg = Release|Any CPU
		{65BC0F1F-FF33-41CC-9085-AFEF50AC1799}.Release|x64.Build.0 = Release|Any CPU
		{65BC0F1F-FF33-41CC-9085-AFEF50AC1799}.Release|x86.ActiveCfg = Release|Any CPU
		{65BC0F1F-FF33-41CC-9085-AFEF50AC1799}.Release|x86.Build.0 = Release|Any CPU
	EndGlobalSection
EndGlobal
